
Microsoft Visual Studio Solution File, Format Version 12.00
Project("{FAE04EC0-301F-11D3-BF4B-00C04F79EFBC}") = "BlazorPoster", "BlazorPoster\BlazorPoster.csproj", "{C11F637D-11AD-451E-B7D2-132C7841FFED}"
EndProject
Global
	GlobalSection(SolutionConfigurationPlatforms) = preSolution
		Debug|Any CPU = Debug|Any CPU
		Release|Any CPU = Release|Any CPU
	EndGlobalSection
	GlobalSection(ProjectConfigurationPlatforms) = postSolution
		{C11F637D-11AD-451E-B7D2-132C7841FFED}.Debug|Any CPU.ActiveCfg = Debug|Any CPU
		{C11F637D-11AD-451E-B7D2-132C7841FFED}.Debug|Any CPU.Build.0 = Debug|Any CPU
		{C11F637D-11AD-451E-B7D2-132C7841FFED}.Release|Any CPU.ActiveCfg = Release|Any CPU
		{C11F637D-11AD-451E-B7D2-132C7841FFED}.Release|Any CPU.Build.0 = Release|Any CPU
	EndGlobalSection
EndGlobal
