
Microsoft Visual Studio Solution File, Format Version 12.00
Project("{FAE04EC0-301F-11D3-BF4B-00C04F79EFBC}") = "GraphTool", "GraphTool\GraphTool.csproj", "{8FFFD40D-5951-4AC3-AE44-42BB1C532DA9}"
EndProject
Global
	GlobalSection(SolutionConfigurationPlatforms) = preSolution
		Debug|Any CPU = Debug|Any CPU
		Release|Any CPU = Release|Any CPU
	EndGlobalSection
	GlobalSection(ProjectConfigurationPlatforms) = postSolution
		{8FFFD40D-5951-4AC3-AE44-42BB1C532DA9}.Debug|Any CPU.ActiveCfg = Debug|Any CPU
		{8FFFD40D-5951-4AC3-AE44-42BB1C532DA9}.Debug|Any CPU.Build.0 = Debug|Any CPU
		{8FFFD40D-5951-4AC3-AE44-42BB1C532DA9}.Release|Any CPU.ActiveCfg = Release|Any CPU
		{8FFFD40D-5951-4AC3-AE44-42BB1C532DA9}.Release|Any CPU.Build.0 = Release|Any CPU
	EndGlobalSection
EndGlobal
