
Microsoft Visual Studio Solution File, Format Version 12.00
Project("{FAE04EC0-301F-11D3-BF4B-00C04F79EFBC}") = "1-Hello-RestAPI", "1-Hello-RestAPI\1-Hello-RestAPI.csproj", "{8C19DDA3-EB1C-48AE-A3AC-3C5D1886BE33}"
EndProject
Project("{FAE04EC0-301F-11D3-BF4B-00C04F79EFBC}") = "2-PersonRestAPI", "2-PersonRestAPI\2-PersonRestAPI.csproj", "{3D523A2D-AA20-4769-A8EC-A121689A4B06}"
EndProject
Project("{2150E333-8FDC-42A3-9474-1A3956D46DE8}") = "Module 2 Controllers", "Module 2 Controllers", "{46712D21-9654-4B7E-B832-7D03BDB7884E}"
EndProject
Project("{2150E333-8FDC-42A3-9474-1A3956D46DE8}") = "Module 1 Introduction", "Module 1 Introduction", "{22BE487B-9DC2-4567-B794-D4459C661532}"
EndProject
Project("{FAE04EC0-301F-11D3-BF4B-00C04F79EFBC}") = "3-Hello-Controllers", "3-Hello-Controllers\3-Hello-Controllers.csproj", "{CF48BC34-FC90-4588-B4B5-17BF5F08A186}"
EndProject
Project("{FAE04EC0-301F-11D3-BF4B-00C04F79EFBC}") = "StudentBloggAPI", "StudentBloggAPI\StudentBloggAPI.csproj", "{D99BE9A5-67AE-4D86-A540-350F647E59A7}"
EndProject
Global
	GlobalSection(SolutionConfigurationPlatforms) = preSolution
		Debug|Any CPU = Debug|Any CPU
		Release|Any CPU = Release|Any CPU
	EndGlobalSection
	GlobalSection(ProjectConfigurationPlatforms) = postSolution
		{8C19DDA3-EB1C-48AE-A3AC-3C5D1886BE33}.Debug|Any CPU.ActiveCfg = Debug|Any CPU
		{8C19DDA3-EB1C-48AE-A3AC-3C5D1886BE33}.Debug|Any CPU.Build.0 = Debug|Any CPU
		{8C19DDA3-EB1C-48AE-A3AC-3C5D1886BE33}.Release|Any CPU.ActiveCfg = Release|Any CPU
		{8C19DDA3-EB1C-48AE-A3AC-3C5D1886BE33}.Release|Any CPU.Build.0 = Release|Any CPU
		{3D523A2D-AA20-4769-A8EC-A121689A4B06}.Debug|Any CPU.ActiveCfg = Debug|Any CPU
		{3D523A2D-AA20-4769-A8EC-A121689A4B06}.Debug|Any CPU.Build.0 = Debug|Any CPU
		{3D523A2D-AA20-4769-A8EC-A121689A4B06}.Release|Any CPU.ActiveCfg = Release|Any CPU
		{3D523A2D-AA20-4769-A8EC-A121689A4B06}.Release|Any CPU.Build.0 = Release|Any CPU
		{CF48BC34-FC90-4588-B4B5-17BF5F08A186}.Debug|Any CPU.ActiveCfg = Debug|Any CPU
		{CF48BC34-FC90-4588-B4B5-17BF5F08A186}.Debug|Any CPU.Build.0 = Debug|Any CPU
		{CF48BC34-FC90-4588-B4B5-17BF5F08A186}.Release|Any CPU.ActiveCfg = Release|Any CPU
		{CF48BC34-FC90-4588-B4B5-17BF5F08A186}.Release|Any CPU.Build.0 = Release|Any CPU
		{D99BE9A5-67AE-4D86-A540-350F647E59A7}.Debug|Any CPU.ActiveCfg = Debug|Any CPU
		{D99BE9A5-67AE-4D86-A540-350F647E59A7}.Debug|Any CPU.Build.0 = Debug|Any CPU
		{D99BE9A5-67AE-4D86-A540-350F647E59A7}.Release|Any CPU.ActiveCfg = Release|Any CPU
		{D99BE9A5-67AE-4D86-A540-350F647E59A7}.Release|Any CPU.Build.0 = Release|Any CPU
	EndGlobalSection
	GlobalSection(NestedProjects) = preSolution
		{8C19DDA3-EB1C-48AE-A3AC-3C5D1886BE33} = {22BE487B-9DC2-4567-B794-D4459C661532}
		{3D523A2D-AA20-4769-A8EC-A121689A4B06} = {22BE487B-9DC2-4567-B794-D4459C661532}
		{CF48BC34-FC90-4588-B4B5-17BF5F08A186} = {46712D21-9654-4B7E-B832-7D03BDB7884E}
		{D99BE9A5-67AE-4D86-A540-350F647E59A7} = {46712D21-9654-4B7E-B832-7D03BDB7884E}
	EndGlobalSection
EndGlobal
